
Microsoft Visual Studio Solution File, Format Version 10.00
# Visual Studio 2008
Project("{FAE04EC0-301F-11D3-BF4B-00C04F79EFBC}") = "Evolvex.RadioVolya.IceCastRemoteControl", "IceCastRemoteControl\Evolvex.RadioVolya.IceCastRemoteControl.csproj", "{76FF102F-1D94-4B4A-850C-E0568FED6F7C}"
EndProject
Project("{FAE04EC0-301F-11D3-BF4B-00C04F79EFBC}") = "Evolvex.RadioVolya.IceCastRemoteControlLib", "Evolvex.RadioVolya.IceCastRemoteControlLib\Evolvex.RadioVolya.IceCastRemoteControlLib.csproj", "{DCBC833E-2CEE-4825-86AA-0EF1388020B3}"
EndProject
Project("{FAE04EC0-301F-11D3-BF4B-00C04F79EFBC}") = "Evolvex.RadioVolya.IceCastRemoteControlLibTests", "Evolvex.RadioVolya.IceCastRemoteControlLibTests\Evolvex.RadioVolya.IceCastRemoteControlLibTests.csproj", "{F62A31FE-19F8-4D08-9339-A3D7A61B3E47}"
EndProject
Global
	GlobalSection(SolutionConfigurationPlatforms) = preSolution
		Debug|Any CPU = Debug|Any CPU
		Release|Any CPU = Release|Any CPU
	EndGlobalSection
	GlobalSection(ProjectConfigurationPlatforms) = postSolution
		{76FF102F-1D94-4B4A-850C-E0568FED6F7C}.Debug|Any CPU.ActiveCfg = Debug|Any CPU
		{76FF102F-1D94-4B4A-850C-E0568FED6F7C}.Debug|Any CPU.Build.0 = Debug|Any CPU
		{76FF102F-1D94-4B4A-850C-E0568FED6F7C}.Release|Any CPU.ActiveCfg = Release|Any CPU
		{76FF102F-1D94-4B4A-850C-E0568FED6F7C}.Release|Any CPU.Build.0 = Release|Any CPU
		{DCBC833E-2CEE-4825-86AA-0EF1388020B3}.Debug|Any CPU.ActiveCfg = Debug|Any CPU
		{DCBC833E-2CEE-4825-86AA-0EF1388020B3}.Debug|Any CPU.Build.0 = Debug|Any CPU
		{DCBC833E-2CEE-4825-86AA-0EF1388020B3}.Release|Any CPU.ActiveCfg = Release|Any CPU
		{DCBC833E-2CEE-4825-86AA-0EF1388020B3}.Release|Any CPU.Build.0 = Release|Any CPU
		{F62A31FE-19F8-4D08-9339-A3D7A61B3E47}.Debug|Any CPU.ActiveCfg = Debug|Any CPU
		{F62A31FE-19F8-4D08-9339-A3D7A61B3E47}.Debug|Any CPU.Build.0 = Debug|Any CPU
		{F62A31FE-19F8-4D08-9339-A3D7A61B3E47}.Release|Any CPU.ActiveCfg = Release|Any CPU
		{F62A31FE-19F8-4D08-9339-A3D7A61B3E47}.Release|Any CPU.Build.0 = Release|Any CPU
	EndGlobalSection
	GlobalSection(SolutionProperties) = preSolution
		HideSolutionNode = FALSE
	EndGlobalSection
EndGlobal
