
Microsoft Visual Studio Solution File, Format Version 10.00
# Visual Studio 2008
Project("{FAE04EC0-301F-11D3-BF4B-00C04F79EFBC}") = "SitesDownloader", "SitesDownloader\SitesDownloader.csproj", "{4827B9E7-8517-4143-91C8-5EEAE0ACB5CA}"
EndProject
Project("{FAE04EC0-301F-11D3-BF4B-00C04F79EFBC}") = "SitesDownloaderLibTester", "SitesDownloaderLibTester\SitesDownloaderLibTester.csproj", "{A0DAE69F-31CC-4752-A4BE-F26032E297AE}"
EndProject
Project("{FAE04EC0-301F-11D3-BF4B-00C04F79EFBC}") = "SitesDownloaderLib", "SitesDownloaderLib\SitesDownloaderLib.csproj", "{57ED40FC-BFB5-43A7-BC7C-A43DFF49DC26}"
EndProject
Global
	GlobalSection(SolutionConfigurationPlatforms) = preSolution
		Debug|Any CPU = Debug|Any CPU
		Release|Any CPU = Release|Any CPU
	EndGlobalSection
	GlobalSection(ProjectConfigurationPlatforms) = postSolution
		{4827B9E7-8517-4143-91C8-5EEAE0ACB5CA}.Debug|Any CPU.ActiveCfg = Debug|Any CPU
		{4827B9E7-8517-4143-91C8-5EEAE0ACB5CA}.Debug|Any CPU.Build.0 = Debug|Any CPU
		{4827B9E7-8517-4143-91C8-5EEAE0ACB5CA}.Release|Any CPU.ActiveCfg = Release|Any CPU
		{4827B9E7-8517-4143-91C8-5EEAE0ACB5CA}.Release|Any CPU.Build.0 = Release|Any CPU
		{A0DAE69F-31CC-4752-A4BE-F26032E297AE}.Debug|Any CPU.ActiveCfg = Debug|Any CPU
		{A0DAE69F-31CC-4752-A4BE-F26032E297AE}.Debug|Any CPU.Build.0 = Debug|Any CPU
		{A0DAE69F-31CC-4752-A4BE-F26032E297AE}.Release|Any CPU.ActiveCfg = Release|Any CPU
		{A0DAE69F-31CC-4752-A4BE-F26032E297AE}.Release|Any CPU.Build.0 = Release|Any CPU
		{57ED40FC-BFB5-43A7-BC7C-A43DFF49DC26}.Debug|Any CPU.ActiveCfg = Debug|Any CPU
		{57ED40FC-BFB5-43A7-BC7C-A43DFF49DC26}.Debug|Any CPU.Build.0 = Debug|Any CPU
		{57ED40FC-BFB5-43A7-BC7C-A43DFF49DC26}.Release|Any CPU.ActiveCfg = Release|Any CPU
		{57ED40FC-BFB5-43A7-BC7C-A43DFF49DC26}.Release|Any CPU.Build.0 = Release|Any CPU
	EndGlobalSection
	GlobalSection(SolutionProperties) = preSolution
		HideSolutionNode = FALSE
	EndGlobalSection
EndGlobal
